
Microsoft Visual Studio Solution File, Format Version 12.00
# Visual Studio Version 17
VisualStudioVersion = 17.11.35303.130
MinimumVisualStudioVersion = 10.0.40219.1
Project("{9A19103F-16F7-4668-BE54-9A1E7A4F7556}") = "SolicitudMovimientoAppWeb_MVC", "SolicitudMovimientoAppWeb_MVC\SolicitudMovimientoAppWeb_MVC.csproj", "{ACB563C5-D974-4489-ACCE-002825F803BC}"
EndProject
Global
	GlobalSection(SolutionConfigurationPlatforms) = preSolution
		Debug|Any CPU = Debug|Any CPU
		Release|Any CPU = Release|Any CPU
	EndGlobalSection
	GlobalSection(ProjectConfigurationPlatforms) = postSolution
		{ACB563C5-D974-4489-ACCE-002825F803BC}.Debug|Any CPU.ActiveCfg = Debug|Any CPU
		{ACB563C5-D974-4489-ACCE-002825F803BC}.Debug|Any CPU.Build.0 = Debug|Any CPU
		{ACB563C5-D974-4489-ACCE-002825F803BC}.Release|Any CPU.ActiveCfg = Release|Any CPU
		{ACB563C5-D974-4489-ACCE-002825F803BC}.Release|Any CPU.Build.0 = Release|Any CPU
	EndGlobalSection
	GlobalSection(SolutionProperties) = preSolution
		HideSolutionNode = FALSE
	EndGlobalSection
	GlobalSection(ExtensibilityGlobals) = postSolution
		SolutionGuid = {4BB176E0-B431-4E06-9435-320C85EB12B8}
	EndGlobalSection
EndGlobal
